// !$*UTF8*$!
{
	archiveVersion = 1;
	classes = {
	};
	objectVersion = 46;
	objects = {

/* Begin PBXBuildFile section */
		0580D81315C0E58300122FFE /* CryptionUseSysLib.m in Sources */ = {isa = PBXBuildFile; fileRef = 0580D81215C0E58300122FFE /* CryptionUseSysLib.m */; };
		0583D9E515C11BF30061D9A7 /* ChangeLogUnzip in Resources */ = {isa = PBXBuildFile; fileRef = 0583D9D815C11BF30061D9A7 /* ChangeLogUnzip */; };
		0583D9E615C11BF30061D9A7 /* ioapi.c in Sources */ = {isa = PBXBuildFile; fileRef = 0583D9DA15C11BF30061D9A7 /* ioapi.c */; };
		0583D9E715C11BF30061D9A7 /* Makefile in Sources */ = {isa = PBXBuildFile; fileRef = 0583D9DC15C11BF30061D9A7 /* Makefile */; };
		0583D9E815C11BF30061D9A7 /* mztools.c in Sources */ = {isa = PBXBuildFile; fileRef = 0583D9DD15C11BF30061D9A7 /* mztools.c */; };
		0583D9E915C11BF30061D9A7 /* unzip.c in Sources */ = {isa = PBXBuildFile; fileRef = 0583D9DF15C11BF30061D9A7 /* unzip.c */; };
		0583D9EA15C11BF30061D9A7 /* zip.c in Sources */ = {isa = PBXBuildFile; fileRef = 0583D9E115C11BF30061D9A7 /* zip.c */; };
		0583D9EB15C11BF30061D9A7 /* ZipArchive.mm in Sources */ = {isa = PBXBuildFile; fileRef = 0583D9E415C11BF30061D9A7 /* ZipArchive.mm */; };
		05885CAC15B6671E00B334D1 /* UIKit.framework in Frameworks */ = {isa = PBXBuildFile; fileRef = 05885CAB15B6671E00B334D1 /* UIKit.framework */; };
		05885CAE15B6671E00B334D1 /* Foundation.framework in Frameworks */ = {isa = PBXBuildFile; fileRef = 05885CAD15B6671E00B334D1 /* Foundation.framework */; };
		05885CB015B6671E00B334D1 /* CoreGraphics.framework in Frameworks */ = {isa = PBXBuildFile; fileRef = 05885CAF15B6671E00B334D1 /* CoreGraphics.framework */; };
		05885CB615B6671E00B334D1 /* InfoPlist.strings in Resources */ = {isa = PBXBuildFile; fileRef = 05885CB415B6671E00B334D1 /* InfoPlist.strings */; };
		05885CB815B6671E00B334D1 /* main.m in Sources */ = {isa = PBXBuildFile; fileRef = 05885CB715B6671E00B334D1 /* main.m */; };
		05885CBC15B6671E00B334D1 /* MAPAppDelegate.m in Sources */ = {isa = PBXBuildFile; fileRef = 05885CBB15B6671E00B334D1 /* MAPAppDelegate.m */; };
		05885CC415B6681F00B334D1 /* RootViewController.m in Sources */ = {isa = PBXBuildFile; fileRef = 05885CC315B6681F00B334D1 /* RootViewController.m */; };
		05885CD415B6683A00B334D1 /* FunMatchNetEngine.m in Sources */ = {isa = PBXBuildFile; fileRef = 05885CC915B6683A00B334D1 /* FunMatchNetEngine.m */; };
		05885D3D15B66C6B00B334D1 /* NSString+MD5Addition.m in Sources */ = {isa = PBXBuildFile; fileRef = 05885D3C15B66C6B00B334D1 /* NSString+MD5Addition.m */; };
		05885DF015B66EB900B334D1 /* AssetsLibrary.framework in Frameworks */ = {isa = PBXBuildFile; fileRef = 05885DEF15B66EB900B334D1 /* AssetsLibrary.framework */; };
		05885DF215B66EE000B334D1 /* libicucore.dylib in Frameworks */ = {isa = PBXBuildFile; fileRef = 05885DF115B66EE000B334D1 /* libicucore.dylib */; };
		05885DF415B66EEE00B334D1 /* libz.dylib in Frameworks */ = {isa = PBXBuildFile; fileRef = 05885DF315B66EEE00B334D1 /* libz.dylib */; };
		05885DF615B66F0A00B334D1 /* MessageUI.framework in Frameworks */ = {isa = PBXBuildFile; fileRef = 05885DF515B66F0A00B334D1 /* MessageUI.framework */; };
		05885DF815B66F1700B334D1 /* Security.framework in Frameworks */ = {isa = PBXBuildFile; fileRef = 05885DF715B66F1700B334D1 /* Security.framework */; };
		05885DFA15B66F2000B334D1 /* CFNetwork.framework in Frameworks */ = {isa = PBXBuildFile; fileRef = 05885DF915B66F2000B334D1 /* CFNetwork.framework */; };
		05885DFC15B66F2B00B334D1 /* SystemConfiguration.framework in Frameworks */ = {isa = PBXBuildFile; fileRef = 05885DFB15B66F2B00B334D1 /* SystemConfiguration.framework */; };
		05885DFE15B66F4000B334D1 /* QuartzCore.framework in Frameworks */ = {isa = PBXBuildFile; fileRef = 05885DFD15B66F4000B334D1 /* QuartzCore.framework */; };
		05885E0015B66F7A00B334D1 /* MobileCoreServices.framework in Frameworks */ = {isa = PBXBuildFile; fileRef = 05885DFF15B66F7A00B334D1 /* MobileCoreServices.framework */; };
		05885E4915B6713F00B334D1 /* ASIAuthenticationDialog.m in Sources */ = {isa = PBXBuildFile; fileRef = 05885E0715B6713F00B334D1 /* ASIAuthenticationDialog.m */; };
		05885E4A15B6713F00B334D1 /* ASIDataCompressor.m in Sources */ = {isa = PBXBuildFile; fileRef = 05885E0A15B6713F00B334D1 /* ASIDataCompressor.m */; };
		05885E4B15B6713F00B334D1 /* ASIDataDecompressor.m in Sources */ = {isa = PBXBuildFile; fileRef = 05885E0C15B6713F00B334D1 /* ASIDataDecompressor.m */; };
		05885E4C15B6713F00B334D1 /* ASIDownloadCache.m in Sources */ = {isa = PBXBuildFile; fileRef = 05885E0E15B6713F00B334D1 /* ASIDownloadCache.m */; };
		05885E4D15B6713F00B334D1 /* ASIFormDataRequest.m in Sources */ = {isa = PBXBuildFile; fileRef = 05885E1015B6713F00B334D1 /* ASIFormDataRequest.m */; };
		05885E4E15B6713F00B334D1 /* ASIHTTPRequest.m in Sources */ = {isa = PBXBuildFile; fileRef = 05885E1215B6713F00B334D1 /* ASIHTTPRequest.m */; };
		05885E4F15B6713F00B334D1 /* ASIInputStream.m in Sources */ = {isa = PBXBuildFile; fileRef = 05885E1615B6713F00B334D1 /* ASIInputStream.m */; };
		05885E5015B6713F00B334D1 /* ASINetworkQueue.m in Sources */ = {isa = PBXBuildFile; fileRef = 05885E1815B6713F00B334D1 /* ASINetworkQueue.m */; };
		05885E5115B6713F00B334D1 /* ASINSStringAdditions.m in Sources */ = {isa = PBXBuildFile; fileRef = 05885E1A15B6713F00B334D1 /* ASINSStringAdditions.m */; };
		05885E5215B6713F00B334D1 /* Reachability.m in Sources */ = {isa = PBXBuildFile; fileRef = 05885E1D15B6713F00B334D1 /* Reachability.m */; };
		05885E5315B6713F00B334D1 /* JSONKit.m in Sources */ = {isa = PBXBuildFile; fileRef = 05885E2015B6713F00B334D1 /* JSONKit.m */; };
		05885E5415B6713F00B334D1 /* SDImageCache.m in Sources */ = {isa = PBXBuildFile; fileRef = 05885E2315B6713F00B334D1 /* SDImageCache.m */; };
		05885E5515B6713F00B334D1 /* SDNetworkActivityIndicator.m in Sources */ = {isa = PBXBuildFile; fileRef = 05885E2615B6713F00B334D1 /* SDNetworkActivityIndicator.m */; };
		05885E5615B6713F00B334D1 /* SDWebImageDecoder.m in Sources */ = {isa = PBXBuildFile; fileRef = 05885E2915B6713F00B334D1 /* SDWebImageDecoder.m */; };
		05885E5715B6713F00B334D1 /* SDWebImageDownloader.m in Sources */ = {isa = PBXBuildFile; fileRef = 05885E2B15B6713F00B334D1 /* SDWebImageDownloader.m */; };
		05885E5815B6713F00B334D1 /* SDWebImageManager.m in Sources */ = {isa = PBXBuildFile; fileRef = 05885E2E15B6713F00B334D1 /* SDWebImageManager.m */; };
		05885E5915B6713F00B334D1 /* UIImageView+WebCache.m in Sources */ = {isa = PBXBuildFile; fileRef = 05885E3115B6713F00B334D1 /* UIImageView+WebCache.m */; };
		05885E5A15B6713F00B334D1 /* GTMBase64.m in Sources */ = {isa = PBXBuildFile; fileRef = 05885E3515B6713F00B334D1 /* GTMBase64.m */; };
		05885E5B15B6713F00B334D1 /* SFHFKeychainUtils.m in Sources */ = {isa = PBXBuildFile; fileRef = 05885E3A15B6713F00B334D1 /* SFHFKeychainUtils.m */; };
		05885E5C15B6713F00B334D1 /* WBAuthorize.m in Sources */ = {isa = PBXBuildFile; fileRef = 05885E3C15B6713F00B334D1 /* WBAuthorize.m */; };
		05885E5D15B6713F00B334D1 /* WBAuthorizeWebView.m in Sources */ = {isa = PBXBuildFile; fileRef = 05885E3E15B6713F00B334D1 /* WBAuthorizeWebView.m */; };
		05885E5E15B6713F00B334D1 /* WBEngine.m in Sources */ = {isa = PBXBuildFile; fileRef = 05885E4015B6713F00B334D1 /* WBEngine.m */; };
		05885E5F15B6713F00B334D1 /* WBRequest.m in Sources */ = {isa = PBXBuildFile; fileRef = 05885E4215B6713F00B334D1 /* WBRequest.m */; };
		05885E6015B6713F00B334D1 /* WBUtil.m in Sources */ = {isa = PBXBuildFile; fileRef = 05885E4515B6713F00B334D1 /* WBUtil.m */; };
		05885E6115B6713F00B334D1 /* UIDevice+IdentifierAddition.m in Sources */ = {isa = PBXBuildFile; fileRef = 05885E4815B6713F00B334D1 /* UIDevice+IdentifierAddition.m */; };
		05885E8015B6881E00B334D1 /* HTTable.m in Sources */ = {isa = PBXBuildFile; fileRef = 05885E7515B6881E00B334D1 /* HTTable.m */; };
		05885E8115B6881E00B334D1 /* ManageDatabaseImp+InitDB.m in Sources */ = {isa = PBXBuildFile; fileRef = 05885E7915B6881E00B334D1 /* ManageDatabaseImp+InitDB.m */; };
		05885E8215B6881E00B334D1 /* ManageDatabaseImp.m in Sources */ = {isa = PBXBuildFile; fileRef = 05885E7B15B6881E00B334D1 /* ManageDatabaseImp.m */; };
		05885E8315B6881E00B334D1 /* ManageTableImp.m in Sources */ = {isa = PBXBuildFile; fileRef = 05885E7F15B6881E00B334D1 /* ManageTableImp.m */; };
		05885E8515B68B7800B334D1 /* libsqlite3.dylib in Frameworks */ = {isa = PBXBuildFile; fileRef = 05885E8415B68B7800B334D1 /* libsqlite3.dylib */; };
		05885EC515B6960500B334D1 /* Utils.m in Sources */ = {isa = PBXBuildFile; fileRef = 05885EC015B6960500B334D1 /* Utils.m */; };
/* End PBXBuildFile section */

/* Begin PBXFileReference section */
		0580D81115C0E58300122FFE /* CryptionUseSysLib.h */ = {isa = PBXFileReference; fileEncoding = 4; lastKnownFileType = sourcecode.c.h; path = CryptionUseSysLib.h; sourceTree = "<group>"; };
		0580D81215C0E58300122FFE /* CryptionUseSysLib.m */ = {isa = PBXFileReference; fileEncoding = 4; lastKnownFileType = sourcecode.c.objc; path = CryptionUseSysLib.m; sourceTree = "<group>"; };
		0583D9D815C11BF30061D9A7 /* ChangeLogUnzip */ = {isa = PBXFileReference; fileEncoding = 4; lastKnownFileType = text; path = ChangeLogUnzip; sourceTree = "<group>"; };
		0583D9D915C11BF30061D9A7 /* crypt.h */ = {isa = PBXFileReference; fileEncoding = 4; lastKnownFileType = sourcecode.c.h; path = crypt.h; sourceTree = "<group>"; };
		0583D9DA15C11BF30061D9A7 /* ioapi.c */ = {isa = PBXFileReference; fileEncoding = 4; lastKnownFileType = sourcecode.c.c; path = ioapi.c; sourceTree = "<group>"; };
		0583D9DB15C11BF30061D9A7 /* ioapi.h */ = {isa = PBXFileReference; fileEncoding = 4; lastKnownFileType = sourcecode.c.h; path = ioapi.h; sourceTree = "<group>"; };
		0583D9DC15C11BF30061D9A7 /* Makefile */ = {isa = PBXFileReference; fileEncoding = 4; lastKnownFileType = sourcecode.make; path = Makefile; sourceTree = "<group>"; };
		0583D9DD15C11BF30061D9A7 /* mztools.c */ = {isa = PBXFileReference; fileEncoding = 4; lastKnownFileType = sourcecode.c.c; path = mztools.c; sourceTree = "<group>"; };
		0583D9DE15C11BF30061D9A7 /* mztools.h */ = {isa = PBXFileReference; fileEncoding = 4; lastKnownFileType = sourcecode.c.h; path = mztools.h; sourceTree = "<group>"; };
		0583D9DF15C11BF30061D9A7 /* unzip.c */ = {isa = PBXFileReference; fileEncoding = 4; lastKnownFileType = sourcecode.c.c; path = unzip.c; sourceTree = "<group>"; };
		0583D9E015C11BF30061D9A7 /* unzip.h */ = {isa = PBXFileReference; fileEncoding = 4; lastKnownFileType = sourcecode.c.h; path = unzip.h; sourceTree = "<group>"; };
		0583D9E115C11BF30061D9A7 /* zip.c */ = {isa = PBXFileReference; fileEncoding = 4; lastKnownFileType = sourcecode.c.c; path = zip.c; sourceTree = "<group>"; };
		0583D9E215C11BF30061D9A7 /* zip.h */ = {isa = PBXFileReference; fileEncoding = 4; lastKnownFileType = sourcecode.c.h; path = zip.h; sourceTree = "<group>"; };
		0583D9E315C11BF30061D9A7 /* ZipArchive.h */ = {isa = PBXFileReference; fileEncoding = 4; lastKnownFileType = sourcecode.c.h; path = ZipArchive.h; sourceTree = "<group>"; };
		0583D9E415C11BF30061D9A7 /* ZipArchive.mm */ = {isa = PBXFileReference; fileEncoding = 4; lastKnownFileType = sourcecode.cpp.objcpp; path = ZipArchive.mm; sourceTree = "<group>"; };
		05885CA715B6671E00B334D1 /* RequestData.app */ = {isa = PBXFileReference; explicitFileType = wrapper.application; includeInIndex = 0; path = RequestData.app; sourceTree = BUILT_PRODUCTS_DIR; };
		05885CAB15B6671E00B334D1 /* UIKit.framework */ = {isa = PBXFileReference; lastKnownFileType = wrapper.framework; name = UIKit.framework; path = System/Library/Frameworks/UIKit.framework; sourceTree = SDKROOT; };
		05885CAD15B6671E00B334D1 /* Foundation.framework */ = {isa = PBXFileReference; lastKnownFileType = wrapper.framework; name = Foundation.framework; path = System/Library/Frameworks/Foundation.framework; sourceTree = SDKROOT; };
		05885CAF15B6671E00B334D1 /* CoreGraphics.framework */ = {isa = PBXFileReference; lastKnownFileType = wrapper.framework; name = CoreGraphics.framework; path = System/Library/Frameworks/CoreGraphics.framework; sourceTree = SDKROOT; };
		05885CB315B6671E00B334D1 /* RequestData-Info.plist */ = {isa = PBXFileReference; lastKnownFileType = text.plist.xml; path = "RequestData-Info.plist"; sourceTree = "<group>"; };
		05885CB515B6671E00B334D1 /* en */ = {isa = PBXFileReference; lastKnownFileType = text.plist.strings; name = en; path = en.lproj/InfoPlist.strings; sourceTree = "<group>"; };
		05885CB715B6671E00B334D1 /* main.m */ = {isa = PBXFileReference; lastKnownFileType = sourcecode.c.objc; path = main.m; sourceTree = "<group>"; };
		05885CB915B6671E00B334D1 /* RequestData-Prefix.pch */ = {isa = PBXFileReference; lastKnownFileType = sourcecode.c.h; path = "RequestData-Prefix.pch"; sourceTree = "<group>"; };
		05885CBA15B6671E00B334D1 /* MAPAppDelegate.h */ = {isa = PBXFileReference; lastKnownFileType = sourcecode.c.h; path = MAPAppDelegate.h; sourceTree = "<group>"; };
		05885CBB15B6671E00B334D1 /* MAPAppDelegate.m */ = {isa = PBXFileReference; lastKnownFileType = sourcecode.c.objc; path = MAPAppDelegate.m; sourceTree = "<group>"; };
		05885CC215B6681F00B334D1 /* RootViewController.h */ = {isa = PBXFileReference; fileEncoding = 4; lastKnownFileType = sourcecode.c.h; path = RootViewController.h; sourceTree = "<group>"; };
		05885CC315B6681F00B334D1 /* RootViewController.m */ = {isa = PBXFileReference; fileEncoding = 4; lastKnownFileType = sourcecode.c.objc; path = RootViewController.m; sourceTree = "<group>"; };
		05885CC815B6683A00B334D1 /* FunMatchNetEngine.h */ = {isa = PBXFileReference; fileEncoding = 4; lastKnownFileType = sourcecode.c.h; path = FunMatchNetEngine.h; sourceTree = "<group>"; };
		05885CC915B6683A00B334D1 /* FunMatchNetEngine.m */ = {isa = PBXFileReference; fileEncoding = 4; lastKnownFileType = sourcecode.c.objc; path = FunMatchNetEngine.m; sourceTree = "<group>"; };
		05885D3B15B66C6B00B334D1 /* NSString+MD5Addition.h */ = {isa = PBXFileReference; fileEncoding = 4; lastKnownFileType = sourcecode.c.h; path = "NSString+MD5Addition.h"; sourceTree = "<group>"; };
		05885D3C15B66C6B00B334D1 /* NSString+MD5Addition.m */ = {isa = PBXFileReference; fileEncoding = 4; lastKnownFileType = sourcecode.c.objc; path = "NSString+MD5Addition.m"; sourceTree = "<group>"; };
		05885DEF15B66EB900B334D1 /* AssetsLibrary.framework */ = {isa = PBXFileReference; lastKnownFileType = wrapper.framework; name = AssetsLibrary.framework; path = System/Library/Frameworks/AssetsLibrary.framework; sourceTree = SDKROOT; };
		05885DF115B66EE000B334D1 /* libicucore.dylib */ = {isa = PBXFileReference; lastKnownFileType = "compiled.mach-o.dylib"; name = libicucore.dylib; path = usr/lib/libicucore.dylib; sourceTree = SDKROOT; };
		05885DF315B66EEE00B334D1 /* libz.dylib */ = {isa = PBXFileReference; lastKnownFileType = "compiled.mach-o.dylib"; name = libz.dylib; path = usr/lib/libz.dylib; sourceTree = SDKROOT; };
		05885DF515B66F0A00B334D1 /* MessageUI.framework */ = {isa = PBXFileReference; lastKnownFileType = wrapper.framework; name = MessageUI.framework; path = System/Library/Frameworks/MessageUI.framework; sourceTree = SDKROOT; };
		05885DF715B66F1700B334D1 /* Security.framework */ = {isa = PBXFileReference; lastKnownFileType = wrapper.framework; name = Security.framework; path = System/Library/Frameworks/Security.framework; sourceTree = SDKROOT; };
		05885DF915B66F2000B334D1 /* CFNetwork.framework */ = {isa = PBXFileReference; lastKnownFileType = wrapper.framework; name = CFNetwork.framework; path = System/Library/Frameworks/CFNetwork.framework; sourceTree = SDKROOT; };
		05885DFB15B66F2B00B334D1 /* SystemConfiguration.framework */ = {isa = PBXFileReference; lastKnownFileType = wrapper.framework; name = SystemConfiguration.framework; path = System/Library/Frameworks/SystemConfiguration.framework; sourceTree = SDKROOT; };
		05885DFD15B66F4000B334D1 /* QuartzCore.framework */ = {isa = PBXFileReference; lastKnownFileType = wrapper.framework; name = QuartzCore.framework; path = System/Library/Frameworks/QuartzCore.framework; sourceTree = SDKROOT; };
		05885DFF15B66F7A00B334D1 /* MobileCoreServices.framework */ = {isa = PBXFileReference; lastKnownFileType = wrapper.framework; name = MobileCoreServices.framework; path = System/Library/Frameworks/MobileCoreServices.framework; sourceTree = SDKROOT; };
		05885E0615B6713F00B334D1 /* ASIAuthenticationDialog.h */ = {isa = PBXFileReference; fileEncoding = 4; lastKnownFileType = sourcecode.c.h; path = ASIAuthenticationDialog.h; sourceTree = "<group>"; };
		05885E0715B6713F00B334D1 /* ASIAuthenticationDialog.m */ = {isa = PBXFileReference; fileEncoding = 4; lastKnownFileType = sourcecode.c.objc; path = ASIAuthenticationDialog.m; sourceTree = "<group>"; };
		05885E0815B6713F00B334D1 /* ASICacheDelegate.h */ = {isa = PBXFileReference; fileEncoding = 4; lastKnownFileType = sourcecode.c.h; path = ASICacheDelegate.h; sourceTree = "<group>"; };
		05885E0915B6713F00B334D1 /* ASIDataCompressor.h */ = {isa = PBXFileReference; fileEncoding = 4; lastKnownFileType = sourcecode.c.h; path = ASIDataCompressor.h; sourceTree = "<group>"; };
		05885E0A15B6713F00B334D1 /* ASIDataCompressor.m */ = {isa = PBXFileReference; fileEncoding = 4; lastKnownFileType = sourcecode.c.objc; path = ASIDataCompressor.m; sourceTree = "<group>"; };
		05885E0B15B6713F00B334D1 /* ASIDataDecompressor.h */ = {isa = PBXFileReference; fileEncoding = 4; lastKnownFileType = sourcecode.c.h; path = ASIDataDecompressor.h; sourceTree = "<group>"; };
		05885E0C15B6713F00B334D1 /* ASIDataDecompressor.m */ = {isa = PBXFileReference; fileEncoding = 4; lastKnownFileType = sourcecode.c.objc; path = ASIDataDecompressor.m; sourceTree = "<group>"; };
		05885E0D15B6713F00B334D1 /* ASIDownloadCache.h */ = {isa = PBXFileReference; fileEncoding = 4; lastKnownFileType = sourcecode.c.h; path = ASIDownloadCache.h; sourceTree = "<group>"; };
		05885E0E15B6713F00B334D1 /* ASIDownloadCache.m */ = {isa = PBXFileReference; fileEncoding = 4; lastKnownFileType = sourcecode.c.objc; path = ASIDownloadCache.m; sourceTree = "<group>"; };
		05885E0F15B6713F00B334D1 /* ASIFormDataRequest.h */ = {isa = PBXFileReference; fileEncoding = 4; lastKnownFileType = sourcecode.c.h; path = ASIFormDataRequest.h; sourceTree = "<group>"; };
		05885E1015B6713F00B334D1 /* ASIFormDataRequest.m */ = {isa = PBXFileReference; fileEncoding = 4; lastKnownFileType = sourcecode.c.objc; path = ASIFormDataRequest.m; sourceTree = "<group>"; };
		05885E1115B6713F00B334D1 /* ASIHTTPRequest.h */ = {isa = PBXFileReference; fileEncoding = 4; lastKnownFileType = sourcecode.c.h; path = ASIHTTPRequest.h; sourceTree = "<group>"; };
		05885E1215B6713F00B334D1 /* ASIHTTPRequest.m */ = {isa = PBXFileReference; fileEncoding = 4; lastKnownFileType = sourcecode.c.objc; path = ASIHTTPRequest.m; sourceTree = "<group>"; };
		05885E1315B6713F00B334D1 /* ASIHTTPRequestConfig.h */ = {isa = PBXFileReference; fileEncoding = 4; lastKnownFileType = sourcecode.c.h; path = ASIHTTPRequestConfig.h; sourceTree = "<group>"; };
		05885E1415B6713F00B334D1 /* ASIHTTPRequestDelegate.h */ = {isa = PBXFileReference; fileEncoding = 4; lastKnownFileType = sourcecode.c.h; path = ASIHTTPRequestDelegate.h; sourceTree = "<group>"; };
		05885E1515B6713F00B334D1 /* ASIInputStream.h */ = {isa = PBXFileReference; fileEncoding = 4; lastKnownFileType = sourcecode.c.h; path = ASIInputStream.h; sourceTree = "<group>"; };
		05885E1615B6713F00B334D1 /* ASIInputStream.m */ = {isa = PBXFileReference; fileEncoding = 4; lastKnownFileType = sourcecode.c.objc; path = ASIInputStream.m; sourceTree = "<group>"; };
		05885E1715B6713F00B334D1 /* ASINetworkQueue.h */ = {isa = PBXFileReference; fileEncoding = 4; lastKnownFileType = sourcecode.c.h; path = ASINetworkQueue.h; sourceTree = "<group>"; };
		05885E1815B6713F00B334D1 /* ASINetworkQueue.m */ = {isa = PBXFileReference; fileEncoding = 4; lastKnownFileType = sourcecode.c.objc; path = ASINetworkQueue.m; sourceTree = "<group>"; };
		05885E1915B6713F00B334D1 /* ASINSStringAdditions.h */ = {isa = PBXFileReference; fileEncoding = 4; lastKnownFileType = sourcecode.c.h; path = ASINSStringAdditions.h; sourceTree = "<group>"; };
		05885E1A15B6713F00B334D1 /* ASINSStringAdditions.m */ = {isa = PBXFileReference; fileEncoding = 4; lastKnownFileType = sourcecode.c.objc; path = ASINSStringAdditions.m; sourceTree = "<group>"; };
		05885E1B15B6713F00B334D1 /* ASIProgressDelegate.h */ = {isa = PBXFileReference; fileEncoding = 4; lastKnownFileType = sourcecode.c.h; path = ASIProgressDelegate.h; sourceTree = "<group>"; };
		05885E1C15B6713F00B334D1 /* Reachability.h */ = {isa = PBXFileReference; fileEncoding = 4; lastKnownFileType = sourcecode.c.h; path = Reachability.h; sourceTree = "<group>"; };
		05885E1D15B6713F00B334D1 /* Reachability.m */ = {isa = PBXFileReference; fileEncoding = 4; lastKnownFileType = sourcecode.c.objc; path = Reachability.m; sourceTree = "<group>"; };
		05885E1F15B6713F00B334D1 /* JSONKit.h */ = {isa = PBXFileReference; fileEncoding = 4; lastKnownFileType = sourcecode.c.h; path = JSONKit.h; sourceTree = "<group>"; };
		05885E2015B6713F00B334D1 /* JSONKit.m */ = {isa = PBXFileReference; fileEncoding = 4; lastKnownFileType = sourcecode.c.objc; path = JSONKit.m; sourceTree = "<group>"; };
		05885E2215B6713F00B334D1 /* SDImageCache.h */ = {isa = PBXFileReference; fileEncoding = 4; lastKnownFileType = sourcecode.c.h; path = SDImageCache.h; sourceTree = "<group>"; };
		05885E2315B6713F00B334D1 /* SDImageCache.m */ = {isa = PBXFileReference; fileEncoding = 4; lastKnownFileType = sourcecode.c.objc; path = SDImageCache.m; sourceTree = "<group>"; };
		05885E2415B6713F00B334D1 /* SDImageCacheDelegate.h */ = {isa = PBXFileReference; fileEncoding = 4; lastKnownFileType = sourcecode.c.h; path = SDImageCacheDelegate.h; sourceTree = "<group>"; };
		05885E2515B6713F00B334D1 /* SDNetworkActivityIndicator.h */ = {isa = PBXFileReference; fileEncoding = 4; lastKnownFileType = sourcecode.c.h; path = SDNetworkActivityIndicator.h; sourceTree = "<group>"; };
		05885E2615B6713F00B334D1 /* SDNetworkActivityIndicator.m */ = {isa = PBXFileReference; fileEncoding = 4; lastKnownFileType = sourcecode.c.objc; path = SDNetworkActivityIndicator.m; sourceTree = "<group>"; };
		05885E2715B6713F00B334D1 /* SDWebImageCompat.h */ = {isa = PBXFileReference; fileEncoding = 4; lastKnownFileType = sourcecode.c.h; path = SDWebImageCompat.h; sourceTree = "<group>"; };
		05885E2815B6713F00B334D1 /* SDWebImageDecoder.h */ = {isa = PBXFileReference; fileEncoding = 4; lastKnownFileType = sourcecode.c.h; path = SDWebImageDecoder.h; sourceTree = "<group>"; };
		05885E2915B6713F00B334D1 /* SDWebImageDecoder.m */ = {isa = PBXFileReference; fileEncoding = 4; lastKnownFileType = sourcecode.c.objc; path = SDWebImageDecoder.m; sourceTree = "<group>"; };
		05885E2A15B6713F00B334D1 /* SDWebImageDownloader.h */ = {isa = PBXFileReference; fileEncoding = 4; lastKnownFileType = sourcecode.c.h; path = SDWebImageDownloader.h; sourceTree = "<group>"; };
		05885E2B15B6713F00B334D1 /* SDWebImageDownloader.m */ = {isa = PBXFileReference; fileEncoding = 4; lastKnownFileType = sourcecode.c.objc; path = SDWebImageDownloader.m; sourceTree = "<group>"; };
		05885E2C15B6713F00B334D1 /* SDWebImageDownloaderDelegate.h */ = {isa = PBXFileReference; fileEncoding = 4; lastKnownFileType = sourcecode.c.h; path = SDWebImageDownloaderDelegate.h; sourceTree = "<group>"; };
		05885E2D15B6713F00B334D1 /* SDWebImageManager.h */ = {isa = PBXFileReference; fileEncoding = 4; lastKnownFileType = sourcecode.c.h; path = SDWebImageManager.h; sourceTree = "<group>"; };
		05885E2E15B6713F00B334D1 /* SDWebImageManager.m */ = {isa = PBXFileReference; fileEncoding = 4; lastKnownFileType = sourcecode.c.objc; path = SDWebImageManager.m; sourceTree = "<group>"; };
		05885E2F15B6713F00B334D1 /* SDWebImageManagerDelegate.h */ = {isa = PBXFileReference; fileEncoding = 4; lastKnownFileType = sourcecode.c.h; path = SDWebImageManagerDelegate.h; sourceTree = "<group>"; };
		05885E3015B6713F00B334D1 /* UIImageView+WebCache.h */ = {isa = PBXFileReference; fileEncoding = 4; lastKnownFileType = sourcecode.c.h; path = "UIImageView+WebCache.h"; sourceTree = "<group>"; };
		05885E3115B6713F00B334D1 /* UIImageView+WebCache.m */ = {isa = PBXFileReference; fileEncoding = 4; lastKnownFileType = sourcecode.c.objc; path = "UIImageView+WebCache.m"; sourceTree = "<group>"; };
		05885E3415B6713F00B334D1 /* GTMBase64.h */ = {isa = PBXFileReference; fileEncoding = 4; lastKnownFileType = sourcecode.c.h; path = GTMBase64.h; sourceTree = "<group>"; };
		05885E3515B6713F00B334D1 /* GTMBase64.m */ = {isa = PBXFileReference; fileEncoding = 4; lastKnownFileType = sourcecode.c.objc; path = GTMBase64.m; sourceTree = "<group>"; };
		05885E3615B6713F00B334D1 /* GTMDefines.h */ = {isa = PBXFileReference; fileEncoding = 4; lastKnownFileType = sourcecode.c.h; path = GTMDefines.h; sourceTree = "<group>"; };
		05885E3915B6713F00B334D1 /* SFHFKeychainUtils.h */ = {isa = PBXFileReference; fileEncoding = 4; lastKnownFileType = sourcecode.c.h; path = SFHFKeychainUtils.h; sourceTree = "<group>"; };
		05885E3A15B6713F00B334D1 /* SFHFKeychainUtils.m */ = {isa = PBXFileReference; fileEncoding = 4; lastKnownFileType = sourcecode.c.objc; path = SFHFKeychainUtils.m; sourceTree = "<group>"; };
		05885E3B15B6713F00B334D1 /* WBAuthorize.h */ = {isa = PBXFileReference; fileEncoding = 4; lastKnownFileType = sourcecode.c.h; path = WBAuthorize.h; sourceTree = "<group>"; };
		05885E3C15B6713F00B334D1 /* WBAuthorize.m */ = {isa = PBXFileReference; fileEncoding = 4; lastKnownFileType = sourcecode.c.objc; path = WBAuthorize.m; sourceTree = "<group>"; };
		05885E3D15B6713F00B334D1 /* WBAuthorizeWebView.h */ = {isa = PBXFileReference; fileEncoding = 4; lastKnownFileType = sourcecode.c.h; path = WBAuthorizeWebView.h; sourceTree = "<group>"; };
		05885E3E15B6713F00B334D1 /* WBAuthorizeWebView.m */ = {isa = PBXFileReference; fileEncoding = 4; lastKnownFileType = sourcecode.c.objc; path = WBAuthorizeWebView.m; sourceTree = "<group>"; };
		05885E3F15B6713F00B334D1 /* WBEngine.h */ = {isa = PBXFileReference; fileEncoding = 4; lastKnownFileType = sourcecode.c.h; path = WBEngine.h; sourceTree = "<group>"; };
		05885E4015B6713F00B334D1 /* WBEngine.m */ = {isa = PBXFileReference; fileEncoding = 4; lastKnownFileType = sourcecode.c.objc; path = WBEngine.m; sourceTree = "<group>"; };
		05885E4115B6713F00B334D1 /* WBRequest.h */ = {isa = PBXFileReference; fileEncoding = 4; lastKnownFileType = sourcecode.c.h; path = WBRequest.h; sourceTree = "<group>"; };
		05885E4215B6713F00B334D1 /* WBRequest.m */ = {isa = PBXFileReference; fileEncoding = 4; lastKnownFileType = sourcecode.c.objc; path = WBRequest.m; sourceTree = "<group>"; };
		05885E4315B6713F00B334D1 /* WBSDKGlobal.h */ = {isa = PBXFileReference; fileEncoding = 4; lastKnownFileType = sourcecode.c.h; path = WBSDKGlobal.h; sourceTree = "<group>"; };
		05885E4415B6713F00B334D1 /* WBUtil.h */ = {isa = PBXFileReference; fileEncoding = 4; lastKnownFileType = sourcecode.c.h; path = WBUtil.h; sourceTree = "<group>"; };
		05885E4515B6713F00B334D1 /* WBUtil.m */ = {isa = PBXFileReference; fileEncoding = 4; lastKnownFileType = sourcecode.c.objc; path = WBUtil.m; sourceTree = "<group>"; };
		05885E4715B6713F00B334D1 /* UIDevice+IdentifierAddition.h */ = {isa = PBXFileReference; fileEncoding = 4; lastKnownFileType = sourcecode.c.h; path = "UIDevice+IdentifierAddition.h"; sourceTree = "<group>"; };
		05885E4815B6713F00B334D1 /* UIDevice+IdentifierAddition.m */ = {isa = PBXFileReference; fileEncoding = 4; lastKnownFileType = sourcecode.c.objc; path = "UIDevice+IdentifierAddition.m"; sourceTree = "<group>"; };
		05885E7415B6881E00B334D1 /* HTTable.h */ = {isa = PBXFileReference; fileEncoding = 4; lastKnownFileType = sourcecode.c.h; path = HTTable.h; sourceTree = "<group>"; };
		05885E7515B6881E00B334D1 /* HTTable.m */ = {isa = PBXFileReference; fileEncoding = 4; lastKnownFileType = sourcecode.c.objc; path = HTTable.m; sourceTree = "<group>"; };
		05885E7715B6881E00B334D1 /* ManageDatabase.h */ = {isa = PBXFileReference; fileEncoding = 4; lastKnownFileType = sourcecode.c.h; path = ManageDatabase.h; sourceTree = "<group>"; };
		05885E7815B6881E00B334D1 /* ManageDatabaseImp+InitDB.h */ = {isa = PBXFileReference; fileEncoding = 4; lastKnownFileType = sourcecode.c.h; path = "ManageDatabaseImp+InitDB.h"; sourceTree = "<group>"; };
		05885E7915B6881E00B334D1 /* ManageDatabaseImp+InitDB.m */ = {isa = PBXFileReference; fileEncoding = 4; lastKnownFileType = sourcecode.c.objc; path = "ManageDatabaseImp+InitDB.m"; sourceTree = "<group>"; };
		05885E7A15B6881E00B334D1 /* ManageDatabaseImp.h */ = {isa = PBXFileReference; fileEncoding = 4; lastKnownFileType = sourcecode.c.h; path = ManageDatabaseImp.h; sourceTree = "<group>"; };
		05885E7B15B6881E00B334D1 /* ManageDatabaseImp.m */ = {isa = PBXFileReference; fileEncoding = 4; lastKnownFileType = sourcecode.c.objc; path = ManageDatabaseImp.m; sourceTree = "<group>"; };
		05885E7D15B6881E00B334D1 /* ManageTable.h */ = {isa = PBXFileReference; fileEncoding = 4; lastKnownFileType = sourcecode.c.h; path = ManageTable.h; sourceTree = "<group>"; };
		05885E7E15B6881E00B334D1 /* ManageTableImp.h */ = {isa = PBXFileReference; fileEncoding = 4; lastKnownFileType = sourcecode.c.h; path = ManageTableImp.h; sourceTree = "<group>"; };
		05885E7F15B6881E00B334D1 /* ManageTableImp.m */ = {isa = PBXFileReference; fileEncoding = 4; lastKnownFileType = sourcecode.c.objc; path = ManageTableImp.m; sourceTree = "<group>"; };
		05885E8415B68B7800B334D1 /* libsqlite3.dylib */ = {isa = PBXFileReference; lastKnownFileType = "compiled.mach-o.dylib"; name = libsqlite3.dylib; path = usr/lib/libsqlite3.dylib; sourceTree = SDKROOT; };
		05885EB315B6960500B334D1 /* CommonCryptor.h */ = {isa = PBXFileReference; fileEncoding = 4; lastKnownFileType = sourcecode.c.h; path = CommonCryptor.h; sourceTree = "<group>"; };
		05885EB415B6960500B334D1 /* CommonDigest.h */ = {isa = PBXFileReference; fileEncoding = 4; lastKnownFileType = sourcecode.c.h; path = CommonDigest.h; sourceTree = "<group>"; };
		05885EB515B6960500B334D1 /* CommonHMAC.h */ = {isa = PBXFileReference; fileEncoding = 4; lastKnownFileType = sourcecode.c.h; path = CommonHMAC.h; sourceTree = "<group>"; };
		05885EBF15B6960500B334D1 /* Utils.h */ = {isa = PBXFileReference; fileEncoding = 4; lastKnownFileType = sourcecode.c.h; path = Utils.h; sourceTree = "<group>"; };
		05885EC015B6960500B334D1 /* Utils.m */ = {isa = PBXFileReference; fileEncoding = 4; lastKnownFileType = sourcecode.c.objc; path = Utils.m; sourceTree = "<group>"; };
/* End PBXFileReference section */

/* Begin PBXFrameworksBuildPhase section */
		05885CA415B6671E00B334D1 /* Frameworks */ = {
			isa = PBXFrameworksBuildPhase;
			buildActionMask = 2147483647;
			files = (
				05885E8515B68B7800B334D1 /* libsqlite3.dylib in Frameworks */,
				05885E0015B66F7A00B334D1 /* MobileCoreServices.framework in Frameworks */,
				05885DFE15B66F4000B334D1 /* QuartzCore.framework in Frameworks */,
				05885DFC15B66F2B00B334D1 /* SystemConfiguration.framework in Frameworks */,
				05885DFA15B66F2000B334D1 /* CFNetwork.framework in Frameworks */,
				05885DF815B66F1700B334D1 /* Security.framework in Frameworks */,
				05885DF615B66F0A00B334D1 /* MessageUI.framework in Frameworks */,
				05885DF415B66EEE00B334D1 /* libz.dylib in Frameworks */,
				05885DF215B66EE000B334D1 /* libicucore.dylib in Frameworks */,
				05885DF015B66EB900B334D1 /* AssetsLibrary.framework in Frameworks */,
				05885CAC15B6671E00B334D1 /* UIKit.framework in Frameworks */,
				05885CAE15B6671E00B334D1 /* Foundation.framework in Frameworks */,
				05885CB015B6671E00B334D1 /* CoreGraphics.framework in Frameworks */,
			);
			runOnlyForDeploymentPostprocessing = 0;
		};
/* End PBXFrameworksBuildPhase section */

/* Begin PBXGroup section */
		0580D81015C0E58300122FFE /* Cryption */ = {
			isa = PBXGroup;
			children = (
				0580D81115C0E58300122FFE /* CryptionUseSysLib.h */,
				0580D81215C0E58300122FFE /* CryptionUseSysLib.m */,
			);
			path = Cryption;
			sourceTree = "<group>";
		};
		0583D9D615C11BF30061D9A7 /* ManageZipFile */ = {
			isa = PBXGroup;
			children = (
				0583D9D715C11BF30061D9A7 /* minizip */,
				0583D9E315C11BF30061D9A7 /* ZipArchive.h */,
				0583D9E415C11BF30061D9A7 /* ZipArchive.mm */,
			);
			path = ManageZipFile;
			sourceTree = "<group>";
		};
		0583D9D715C11BF30061D9A7 /* minizip */ = {
			isa = PBXGroup;
			children = (
				0583D9D815C11BF30061D9A7 /* ChangeLogUnzip */,
				0583D9D915C11BF30061D9A7 /* crypt.h */,
				0583D9DA15C11BF30061D9A7 /* ioapi.c */,
				0583D9DB15C11BF30061D9A7 /* ioapi.h */,
				0583D9DC15C11BF30061D9A7 /* Makefile */,
				0583D9DD15C11BF30061D9A7 /* mztools.c */,
				0583D9DE15C11BF30061D9A7 /* mztools.h */,
				0583D9DF15C11BF30061D9A7 /* unzip.c */,
				0583D9E015C11BF30061D9A7 /* unzip.h */,
				0583D9E115C11BF30061D9A7 /* zip.c */,
				0583D9E215C11BF30061D9A7 /* zip.h */,
			);
			path = minizip;
			sourceTree = "<group>";
		};
		05885C9C15B6671E00B334D1 = {
			isa = PBXGroup;
			children = (
				05885CB115B6671E00B334D1 /* RequestData */,
				05885CAA15B6671E00B334D1 /* Frameworks */,
				05885CA815B6671E00B334D1 /* Products */,
			);
			sourceTree = "<group>";
		};
		05885CA815B6671E00B334D1 /* Products */ = {
			isa = PBXGroup;
			children = (
				05885CA715B6671E00B334D1 /* RequestData.app */,
			);
			name = Products;
			sourceTree = "<group>";
		};
		05885CAA15B6671E00B334D1 /* Frameworks */ = {
			isa = PBXGroup;
			children = (
				05885E8415B68B7800B334D1 /* libsqlite3.dylib */,
				05885DFF15B66F7A00B334D1 /* MobileCoreServices.framework */,
				05885DFD15B66F4000B334D1 /* QuartzCore.framework */,
				05885DFB15B66F2B00B334D1 /* SystemConfiguration.framework */,
				05885DF915B66F2000B334D1 /* CFNetwork.framework */,
				05885DF715B66F1700B334D1 /* Security.framework */,
				05885DF315B66EEE00B334D1 /* libz.dylib */,
				05885DF115B66EE000B334D1 /* libicucore.dylib */,
				05885DF515B66F0A00B334D1 /* MessageUI.framework */,
				05885DEF15B66EB900B334D1 /* AssetsLibrary.framework */,
				05885CAB15B6671E00B334D1 /* UIKit.framework */,
				05885CAD15B6671E00B334D1 /* Foundation.framework */,
				05885CAF15B6671E00B334D1 /* CoreGraphics.framework */,
			);
			name = Frameworks;
			sourceTree = "<group>";
		};
		05885CB115B6671E00B334D1 /* RequestData */ = {
			isa = PBXGroup;
			children = (
				05885E7215B6881D00B334D1 /* DBManager */,
				05885E0315B6713F00B334D1 /* Resources */,
				05885D3A15B66C6B00B334D1 /* Domin */,
				05885CC515B6683A00B334D1 /* QueryInfoFromServer */,
				05885CB215B6671E00B334D1 /* Supporting Files */,
			);
			path = RequestData;
			sourceTree = "<group>";
		};
		05885CB215B6671E00B334D1 /* Supporting Files */ = {
			isa = PBXGroup;
			children = (
				05885CC215B6681F00B334D1 /* RootViewController.h */,
				05885CC315B6681F00B334D1 /* RootViewController.m */,
				05885CB315B6671E00B334D1 /* RequestData-Info.plist */,
				05885CB415B6671E00B334D1 /* InfoPlist.strings */,
				05885CBB15B6671E00B334D1 /* MAPAppDelegate.m */,
				05885CBA15B6671E00B334D1 /* MAPAppDelegate.h */,
				05885CB715B6671E00B334D1 /* main.m */,
				05885CB915B6671E00B334D1 /* RequestData-Prefix.pch */,
			);
			name = "Supporting Files";
			sourceTree = "<group>";
		};
		05885CC515B6683A00B334D1 /* QueryInfoFromServer */ = {
			isa = PBXGroup;
			children = (
				05885EC715B698F500B334D1 /* Query */,
			);
			name = QueryInfoFromServer;
			path = htGeneral;
			sourceTree = "<group>";
		};
		05885D3A15B66C6B00B334D1 /* Domin */ = {
			isa = PBXGroup;
			children = (
				0580D81015C0E58300122FFE /* Cryption */,
				05885E8615B68EE300B334D1 /* general */,
			);
			path = Domin;
			sourceTree = "<group>";
		};
		05885E0315B6713F00B334D1 /* Resources */ = {
			isa = PBXGroup;
			children = (
				0583D9D615C11BF30061D9A7 /* ManageZipFile */,
				05885EB215B6960400B334D1 /* General */,
				05885E0415B6713F00B334D1 /* Network */,
				05885E3215B6713F00B334D1 /* Sina_Oauth2.0 */,
				05885E4615B6713F00B334D1 /* UIDevice */,
			);
			name = Resources;
			path = resources;
			sourceTree = "<group>";
		};
		05885E0415B6713F00B334D1 /* Network */ = {
			isa = PBXGroup;
			children = (
				05885E0515B6713F00B334D1 /* ASIHTTPRequest */,
				05885E1E15B6713F00B334D1 /* JSONKit */,
				05885E2115B6713F00B334D1 /* SDWebImage */,
			);
			path = Network;
			sourceTree = "<group>";
		};
		05885E0515B6713F00B334D1 /* ASIHTTPRequest */ = {
			isa = PBXGroup;
			children = (
				05885E0615B6713F00B334D1 /* ASIAuthenticationDialog.h */,
				05885E0715B6713F00B334D1 /* ASIAuthenticationDialog.m */,
				05885E0815B6713F00B334D1 /* ASICacheDelegate.h */,
				05885E0915B6713F00B334D1 /* ASIDataCompressor.h */,
				05885E0A15B6713F00B334D1 /* ASIDataCompressor.m */,
				05885E0B15B6713F00B334D1 /* ASIDataDecompressor.h */,
				05885E0C15B6713F00B334D1 /* ASIDataDecompressor.m */,
				05885E0D15B6713F00B334D1 /* ASIDownloadCache.h */,
				05885E0E15B6713F00B334D1 /* ASIDownloadCache.m */,
				05885E0F15B6713F00B334D1 /* ASIFormDataRequest.h */,
				05885E1015B6713F00B334D1 /* ASIFormDataRequest.m */,
				05885E1115B6713F00B334D1 /* ASIHTTPRequest.h */,
				05885E1215B6713F00B334D1 /* ASIHTTPRequest.m */,
				05885E1315B6713F00B334D1 /* ASIHTTPRequestConfig.h */,
				05885E1415B6713F00B334D1 /* ASIHTTPRequestDelegate.h */,
				05885E1515B6713F00B334D1 /* ASIInputStream.h */,
				05885E1615B6713F00B334D1 /* ASIInputStream.m */,
				05885E1715B6713F00B334D1 /* ASINetworkQueue.h */,
				05885E1815B6713F00B334D1 /* ASINetworkQueue.m */,
				05885E1915B6713F00B334D1 /* ASINSStringAdditions.h */,
				05885E1A15B6713F00B334D1 /* ASINSStringAdditions.m */,
				05885E1B15B6713F00B334D1 /* ASIProgressDelegate.h */,
				05885E1C15B6713F00B334D1 /* Reachability.h */,
				05885E1D15B6713F00B334D1 /* Reachability.m */,
			);
			path = ASIHTTPRequest;
			sourceTree = "<group>";
		};
		05885E1E15B6713F00B334D1 /* JSONKit */ = {
			isa = PBXGroup;
			children = (
				05885E1F15B6713F00B334D1 /* JSONKit.h */,
				05885E2015B6713F00B334D1 /* JSONKit.m */,
			);
			path = JSONKit;
			sourceTree = "<group>";
		};
		05885E2115B6713F00B334D1 /* SDWebImage */ = {
			isa = PBXGroup;
			children = (
				05885E2215B6713F00B334D1 /* SDImageCache.h */,
				05885E2315B6713F00B334D1 /* SDImageCache.m */,
				05885E2415B6713F00B334D1 /* SDImageCacheDelegate.h */,
				05885E2515B6713F00B334D1 /* SDNetworkActivityIndicator.h */,
				05885E2615B6713F00B334D1 /* SDNetworkActivityIndicator.m */,
				05885E2715B6713F00B334D1 /* SDWebImageCompat.h */,
				05885E2815B6713F00B334D1 /* SDWebImageDecoder.h */,
				05885E2915B6713F00B334D1 /* SDWebImageDecoder.m */,
				05885E2A15B6713F00B334D1 /* SDWebImageDownloader.h */,
				05885E2B15B6713F00B334D1 /* SDWebImageDownloader.m */,
				05885E2C15B6713F00B334D1 /* SDWebImageDownloaderDelegate.h */,
				05885E2D15B6713F00B334D1 /* SDWebImageManager.h */,
				05885E2E15B6713F00B334D1 /* SDWebImageManager.m */,
				05885E2F15B6713F00B334D1 /* SDWebImageManagerDelegate.h */,
				05885E3015B6713F00B334D1 /* UIImageView+WebCache.h */,
				05885E3115B6713F00B334D1 /* UIImageView+WebCache.m */,
			);
			path = SDWebImage;
			sourceTree = "<group>";
		};
		05885E3215B6713F00B334D1 /* Sina_Oauth2.0 */ = {
			isa = PBXGroup;
			children = (
				05885E3315B6713F00B334D1 /* CTMBase64 */,
				05885E3815B6713F00B334D1 /* SFHFKeychainUtils */,
			);
			path = Sina_Oauth2.0;
			sourceTree = "<group>";
		};
		05885E3315B6713F00B334D1 /* CTMBase64 */ = {
			isa = PBXGroup;
			children = (
				05885E3415B6713F00B334D1 /* GTMBase64.h */,
				05885E3515B6713F00B334D1 /* GTMBase64.m */,
				05885E3615B6713F00B334D1 /* GTMDefines.h */,
			);
			path = CTMBase64;
			sourceTree = "<group>";
		};
		05885E3815B6713F00B334D1 /* SFHFKeychainUtils */ = {
			isa = PBXGroup;
			children = (
				05885E3915B6713F00B334D1 /* SFHFKeychainUtils.h */,
				05885E3A15B6713F00B334D1 /* SFHFKeychainUtils.m */,
				05885E3B15B6713F00B334D1 /* WBAuthorize.h */,
				05885E3C15B6713F00B334D1 /* WBAuthorize.m */,
				05885E3D15B6713F00B334D1 /* WBAuthorizeWebView.h */,
				05885E3E15B6713F00B334D1 /* WBAuthorizeWebView.m */,
				05885E3F15B6713F00B334D1 /* WBEngine.h */,
				05885E4015B6713F00B334D1 /* WBEngine.m */,
				05885E4115B6713F00B334D1 /* WBRequest.h */,
				05885E4215B6713F00B334D1 /* WBRequest.m */,
				05885E4315B6713F00B334D1 /* WBSDKGlobal.h */,
				05885E4415B6713F00B334D1 /* WBUtil.h */,
				05885E4515B6713F00B334D1 /* WBUtil.m */,
			);
			path = SFHFKeychainUtils;
			sourceTree = "<group>";
		};
		05885E4615B6713F00B334D1 /* UIDevice */ = {
			isa = PBXGroup;
			children = (
				05885E4715B6713F00B334D1 /* UIDevice+IdentifierAddition.h */,
				05885E4815B6713F00B334D1 /* UIDevice+IdentifierAddition.m */,
			);
			path = UIDevice;
			sourceTree = "<group>";
		};
		05885E7215B6881D00B334D1 /* DBManager */ = {
			isa = PBXGroup;
			children = (
				05885E7315B6881E00B334D1 /* HTTable */,
				05885E7615B6881E00B334D1 /* ManageDatabase */,
				05885E7C15B6881E00B334D1 /* ManageTable */,
			);
			path = DBManager;
			sourceTree = "<group>";
		};
		05885E7315B6881E00B334D1 /* HTTable */ = {
			isa = PBXGroup;
			children = (
				05885E7415B6881E00B334D1 /* HTTable.h */,
				05885E7515B6881E00B334D1 /* HTTable.m */,
			);
			path = HTTable;
			sourceTree = "<group>";
		};
		05885E7615B6881E00B334D1 /* ManageDatabase */ = {
			isa = PBXGroup;
			children = (
				05885E7715B6881E00B334D1 /* ManageDatabase.h */,
				05885E7815B6881E00B334D1 /* ManageDatabaseImp+InitDB.h */,
				05885E7915B6881E00B334D1 /* ManageDatabaseImp+InitDB.m */,
				05885E7A15B6881E00B334D1 /* ManageDatabaseImp.h */,
				05885E7B15B6881E00B334D1 /* ManageDatabaseImp.m */,
			);
			path = ManageDatabase;
			sourceTree = "<group>";
		};
		05885E7C15B6881E00B334D1 /* ManageTable */ = {
			isa = PBXGroup;
			children = (
				05885E7D15B6881E00B334D1 /* ManageTable.h */,
				05885E7E15B6881E00B334D1 /* ManageTableImp.h */,
				05885E7F15B6881E00B334D1 /* ManageTableImp.m */,
			);
			path = ManageTable;
			sourceTree = "<group>";
		};
		05885E8615B68EE300B334D1 /* general */ = {
			isa = PBXGroup;
			children = (
				05885D3C15B66C6B00B334D1 /* NSString+MD5Addition.m */,
				05885D3B15B66C6B00B334D1 /* NSString+MD5Addition.h */,
			);
			name = general;
			sourceTree = "<group>";
		};
		05885EB215B6960400B334D1 /* General */ = {
			isa = PBXGroup;
			children = (
				05885EB315B6960500B334D1 /* CommonCryptor.h */,
				05885EB415B6960500B334D1 /* CommonDigest.h */,
				05885EB515B6960500B334D1 /* CommonHMAC.h */,
				05885EBF15B6960500B334D1 /* Utils.h */,
				05885EC015B6960500B334D1 /* Utils.m */,
			);
			path = General;
			sourceTree = "<group>";
		};
		05885EC715B698F500B334D1 /* Query */ = {
			isa = PBXGroup;
			children = (
				05885CC815B6683A00B334D1 /* FunMatchNetEngine.h */,
				05885CC915B6683A00B334D1 /* FunMatchNetEngine.m */,
			);
			name = Query;
			sourceTree = "<group>";
		};
/* End PBXGroup section */

/* Begin PBXNativeTarget section */
		05885CA615B6671E00B334D1 /* RequestData */ = {
			isa = PBXNativeTarget;
			buildConfigurationList = 05885CBF15B6671E00B334D1 /* Build configuration list for PBXNativeTarget "RequestData" */;
			buildPhases = (
				05885CA315B6671E00B334D1 /* Sources */,
				05885CA415B6671E00B334D1 /* Frameworks */,
				05885CA515B6671E00B334D1 /* Resources */,
			);
			buildRules = (
			);
			dependencies = (
			);
			name = RequestData;
			productName = RequestData;
			productReference = 05885CA715B6671E00B334D1 /* RequestData.app */;
			productType = "com.apple.product-type.application";
		};
/* End PBXNativeTarget section */

/* Begin PBXProject section */
		05885C9E15B6671E00B334D1 /* Project object */ = {
			isa = PBXProject;
			attributes = {
				LastUpgradeCheck = 0420;
			};
			buildConfigurationList = 05885CA115B6671E00B334D1 /* Build configuration list for PBXProject "RequestData" */;
			compatibilityVersion = "Xcode 3.2";
			developmentRegion = English;
			hasScannedForEncodings = 0;
			knownRegions = (
				en,
			);
			mainGroup = 05885C9C15B6671E00B334D1;
			productRefGroup = 05885CA815B6671E00B334D1 /* Products */;
			projectDirPath = "";
			projectRoot = "";
			targets = (
				05885CA615B6671E00B334D1 /* RequestData */,
			);
		};
/* End PBXProject section */

/* Begin PBXResourcesBuildPhase section */
		05885CA515B6671E00B334D1 /* Resources */ = {
			isa = PBXResourcesBuildPhase;
			buildActionMask = 2147483647;
			files = (
				05885CB615B6671E00B334D1 /* InfoPlist.strings in Resources */,
				0583D9E515C11BF30061D9A7 /* ChangeLogUnzip in Resources */,
			);
			runOnlyForDeploymentPostprocessing = 0;
		};
/* End PBXResourcesBuildPhase section */

/* Begin PBXSourcesBuildPhase section */
		05885CA315B6671E00B334D1 /* Sources */ = {
			isa = PBXSourcesBuildPhase;
			buildActionMask = 2147483647;
			files = (
				05885CB815B6671E00B334D1 /* main.m in Sources */,
				05885CBC15B6671E00B334D1 /* MAPAppDelegate.m in Sources */,
				05885CC415B6681F00B334D1 /* RootViewController.m in Sources */,
				05885CD415B6683A00B334D1 /* FunMatchNetEngine.m in Sources */,
				05885D3D15B66C6B00B334D1 /* NSString+MD5Addition.m in Sources */,
				05885E4915B6713F00B334D1 /* ASIAuthenticationDialog.m in Sources */,
				05885E4A15B6713F00B334D1 /* ASIDataCompressor.m in Sources */,
				05885E4B15B6713F00B334D1 /* ASIDataDecompressor.m in Sources */,
				05885E4C15B6713F00B334D1 /* ASIDownloadCache.m in Sources */,
				05885E4D15B6713F00B334D1 /* ASIFormDataRequest.m in Sources */,
				05885E4E15B6713F00B334D1 /* ASIHTTPRequest.m in Sources */,
				05885E4F15B6713F00B334D1 /* ASIInputStream.m in Sources */,
				05885E5015B6713F00B334D1 /* ASINetworkQueue.m in Sources */,
				05885E5115B6713F00B334D1 /* ASINSStringAdditions.m in Sources */,
				05885E5215B6713F00B334D1 /* Reachability.m in Sources */,
				05885E5315B6713F00B334D1 /* JSONKit.m in Sources */,
				05885E5415B6713F00B334D1 /* SDImageCache.m in Sources */,
				05885E5515B6713F00B334D1 /* SDNetworkActivityIndicator.m in Sources */,
				05885E5615B6713F00B334D1 /* SDWebImageDecoder.m in Sources */,
				05885E5715B6713F00B334D1 /* SDWebImageDownloader.m in Sources */,
				05885E5815B6713F00B334D1 /* SDWebImageManager.m in Sources */,
				05885E5915B6713F00B334D1 /* UIImageView+WebCache.m in Sources */,
				05885E5A15B6713F00B334D1 /* GTMBase64.m in Sources */,
				05885E5B15B6713F00B334D1 /* SFHFKeychainUtils.m in Sources */,
				05885E5C15B6713F00B334D1 /* WBAuthorize.m in Sources */,
				05885E5D15B6713F00B334D1 /* WBAuthorizeWebView.m in Sources */,
				05885E5E15B6713F00B334D1 /* WBEngine.m in Sources */,
				05885E5F15B6713F00B334D1 /* WBRequest.m in Sources */,
				05885E6015B6713F00B334D1 /* WBUtil.m in Sources */,
				05885E6115B6713F00B334D1 /* UIDevice+IdentifierAddition.m in Sources */,
				05885E8015B6881E00B334D1 /* HTTable.m in Sources */,
				05885E8115B6881E00B334D1 /* ManageDatabaseImp+InitDB.m in Sources */,
				05885E8215B6881E00B334D1 /* ManageDatabaseImp.m in Sources */,
				05885E8315B6881E00B334D1 /* ManageTableImp.m in Sources */,
				05885EC515B6960500B334D1 /* Utils.m in Sources */,
				0580D81315C0E58300122FFE /* CryptionUseSysLib.m in Sources */,
				0583D9E615C11BF30061D9A7 /* ioapi.c in Sources */,
				0583D9E715C11BF30061D9A7 /* Makefile in Sources */,
				0583D9E815C11BF30061D9A7 /* mztools.c in Sources */,
				0583D9E915C11BF30061D9A7 /* unzip.c in Sources */,
				0583D9EA15C11BF30061D9A7 /* zip.c in Sources */,
				0583D9EB15C11BF30061D9A7 /* ZipArchive.mm in Sources */,
			);
			runOnlyForDeploymentPostprocessing = 0;
		};
/* End PBXSourcesBuildPhase section */

/* Begin PBXVariantGroup section */
		05885CB415B6671E00B334D1 /* InfoPlist.strings */ = {
			isa = PBXVariantGroup;
			children = (
				05885CB515B6671E00B334D1 /* en */,
			);
			name = InfoPlist.strings;
			sourceTree = "<group>";
		};
/* End PBXVariantGroup section */

/* Begin XCBuildConfiguration section */
		05885CBD15B6671E00B334D1 /* Debug */ = {
			isa = XCBuildConfiguration;
			buildSettings = {
				ALWAYS_SEARCH_USER_PATHS = NO;
				ARCHS = "$(ARCHS_STANDARD_32_BIT)";
				"CODE_SIGN_IDENTITY[sdk=iphoneos*]" = "iPhone Developer";
				COPY_PHASE_STRIP = NO;
				GCC_C_LANGUAGE_STANDARD = gnu99;
				GCC_DYNAMIC_NO_PIC = NO;
				GCC_OPTIMIZATION_LEVEL = 0;
				GCC_PREPROCESSOR_DEFINITIONS = (
					"DEBUG=1",
					"$(inherited)",
				);
				GCC_SYMBOLS_PRIVATE_EXTERN = NO;
				GCC_VERSION = com.apple.compilers.llvm.clang.1_0;
				GCC_WARN_ABOUT_MISSING_PROTOTYPES = YES;
				GCC_WARN_ABOUT_RETURN_TYPE = YES;
				GCC_WARN_UNUSED_VARIABLE = YES;
				IPHONEOS_DEPLOYMENT_TARGET = 5.0;
				SDKROOT = iphoneos;
				TARGETED_DEVICE_FAMILY = 2;
			};
			name = Debug;
		};
		05885CBE15B6671E00B334D1 /* Release */ = {
			isa = XCBuildConfiguration;
			buildSettings = {
				ALWAYS_SEARCH_USER_PATHS = NO;
				ARCHS = "$(ARCHS_STANDARD_32_BIT)";
				"CODE_SIGN_IDENTITY[sdk=iphoneos*]" = "iPhone Developer";
				COPY_PHASE_STRIP = YES;
				GCC_C_LANGUAGE_STANDARD = gnu99;
				GCC_VERSION = com.apple.compilers.llvm.clang.1_0;
				GCC_WARN_ABOUT_MISSING_PROTOTYPES = YES;
				GCC_WARN_ABOUT_RETURN_TYPE = YES;
				GCC_WARN_UNUSED_VARIABLE = YES;
				IPHONEOS_DEPLOYMENT_TARGET = 5.0;
				OTHER_CFLAGS = "-DNS_BLOCK_ASSERTIONS=1";
				SDKROOT = iphoneos;
				TARGETED_DEVICE_FAMILY = 2;
				VALIDATE_PRODUCT = YES;
			};
			name = Release;
		};
		05885CC015B6671E00B334D1 /* Debug */ = {
			isa = XCBuildConfiguration;
			buildSettings = {
				GCC_PRECOMPILE_PREFIX_HEADER = YES;
				GCC_PREFIX_HEADER = "RequestData/RequestData-Prefix.pch";
				INFOPLIST_FILE = "RequestData/RequestData-Info.plist";
				IPHONEOS_DEPLOYMENT_TARGET = 4.3;
				LIBRARY_SEARCH_PATHS = (
					"$(inherited)",
					"\"$(SRCROOT)/RequestData/SourceKit/ScrollViewKit\"",
				);
				PRODUCT_NAME = "$(TARGET_NAME)";
				WRAPPER_EXTENSION = app;
			};
			name = Debug;
		};
		05885CC115B6671E00B334D1 /* Release */ = {
			isa = XCBuildConfiguration;
			buildSettings = {
				GCC_PRECOMPILE_PREFIX_HEADER = YES;
				GCC_PREFIX_HEADER = "RequestData/RequestData-Prefix.pch";
				INFOPLIST_FILE = "RequestData/RequestData-Info.plist";
				IPHONEOS_DEPLOYMENT_TARGET = 4.3;
				LIBRARY_SEARCH_PATHS = (
					"$(inherited)",
					"\"$(SRCROOT)/RequestData/SourceKit/ScrollViewKit\"",
				);
				PRODUCT_NAME = "$(TARGET_NAME)";
				WRAPPER_EXTENSION = app;
			};
			name = Release;
		};
/* End XCBuildConfiguration section */

/* Begin XCConfigurationList section */
		05885CA115B6671E00B334D1 /* Build configuration list for PBXProject "RequestData" */ = {
			isa = XCConfigurationList;
			buildConfigurations = (
				05885CBD15B6671E00B334D1 /* Debug */,
				05885CBE15B6671E00B334D1 /* Release */,
			);
			defaultConfigurationIsVisible = 0;
			defaultConfigurationName = Release;
		};
		05885CBF15B6671E00B334D1 /* Build configuration list for PBXNativeTarget "RequestData" */ = {
			isa = XCConfigurationList;
			buildConfigurations = (
				05885CC015B6671E00B334D1 /* Debug */,
				05885CC115B6671E00B334D1 /* Release */,
			);
			defaultConfigurationIsVisible = 0;
			defaultConfigurationName = Release;
		};
/* End XCConfigurationList section */
	};
	rootObject = 05885C9E15B6671E00B334D1 /* Project object */;
}
